// !$*UTF8*$!
{
	archiveVersion = 1;
	classes = {
	};
	objectVersion = 50;
	objects = {

/* Begin PBXBuildFile section */
		79163CCA25D2EFC700441E04 /* notificationCenterExtension.swift in Sources */ = {isa = PBXBuildFile; fileRef = 79163CC925D2EFC700441E04 /* notificationCenterExtension.swift */; };
		79AF5BDF25C9C6EE00997447 /* AppDelegate.swift in Sources */ = {isa = PBXBuildFile; fileRef = 79AF5BDE25C9C6EE00997447 /* AppDelegate.swift */; };
		79AF5BE125C9C6EE00997447 /* SceneDelegate.swift in Sources */ = {isa = PBXBuildFile; fileRef = 79AF5BE025C9C6EE00997447 /* SceneDelegate.swift */; };
		79AF5BE325C9C6EE00997447 /* ViewController.swift in Sources */ = {isa = PBXBuildFile; fileRef = 79AF5BE225C9C6EE00997447 /* ViewController.swift */; };
		79AF5BE625C9C6EE00997447 /* Main.storyboard in Resources */ = {isa = PBXBuildFile; fileRef = 79AF5BE425C9C6EE00997447 /* Main.storyboard */; };
		79AF5BE825C9C6F000997447 /* Assets.xcassets in Resources */ = {isa = PBXBuildFile; fileRef = 79AF5BE725C9C6F000997447 /* Assets.xcassets */; };
		79AF5BEB25C9C6F000997447 /* LaunchScreen.storyboard in Resources */ = {isa = PBXBuildFile; fileRef = 79AF5BE925C9C6F000997447 /* LaunchScreen.storyboard */; };
		79AF5BF425C9E2C900997447 /* addViewController.swift in Sources */ = {isa = PBXBuildFile; fileRef = 79AF5BF325C9E2C900997447 /* addViewController.swift */; };
/* End PBXBuildFile section */

/* Begin PBXFileReference section */
		79163CC925D2EFC700441E04 /* notificationCenterExtension.swift */ = {isa = PBXFileReference; lastKnownFileType = sourcecode.swift; path = notificationCenterExtension.swift; sourceTree = "<group>"; };
		79AF5BDB25C9C6EE00997447 /* custom calendar.app */ = {isa = PBXFileReference; explicitFileType = wrapper.application; includeInIndex = 0; path = "custom calendar.app"; sourceTree = BUILT_PRODUCTS_DIR; };
		79AF5BDE25C9C6EE00997447 /* AppDelegate.swift */ = {isa = PBXFileReference; lastKnownFileType = sourcecode.swift; path = AppDelegate.swift; sourceTree = "<group>"; };
		79AF5BE025C9C6EE00997447 /* SceneDelegate.swift */ = {isa = PBXFileReference; lastKnownFileType = sourcecode.swift; path = SceneDelegate.swift; sourceTree = "<group>"; };
		79AF5BE225C9C6EE00997447 /* ViewController.swift */ = {isa = PBXFileReference; lastKnownFileType = sourcecode.swift; path = ViewController.swift; sourceTree = "<group>"; };
		79AF5BE525C9C6EE00997447 /* Base */ = {isa = PBXFileReference; lastKnownFileType = file.storyboard; name = Base; path = Base.lproj/Main.storyboard; sourceTree = "<group>"; };
		79AF5BE725C9C6F000997447 /* Assets.xcassets */ = {isa = PBXFileReference; lastKnownFileType = folder.assetcatalog; path = Assets.xcassets; sourceTree = "<group>"; };
		79AF5BEA25C9C6F000997447 /* Base */ = {isa = PBXFileReference; lastKnownFileType = file.storyboard; name = Base; path = Base.lproj/LaunchScreen.storyboard; sourceTree = "<group>"; };
		79AF5BEC25C9C6F000997447 /* Info.plist */ = {isa = PBXFileReference; lastKnownFileType = text.plist.xml; path = Info.plist; sourceTree = "<group>"; };
		79AF5BF325C9E2C900997447 /* addViewController.swift */ = {isa = PBXFileReference; lastKnownFileType = sourcecode.swift; path = addViewController.swift; sourceTree = "<group>"; };
/* End PBXFileReference section */

/* Begin PBXFrameworksBuildPhase section */
		79AF5BD825C9C6EE00997447 /* Frameworks */ = {
			isa = PBXFrameworksBuildPhase;
			buildActionMask = 2147483647;
			files = (
			);
			runOnlyForDeploymentPostprocessing = 0;
		};
/* End PBXFrameworksBuildPhase section */

/* Begin PBXGroup section */
		79AF5BD225C9C6EE00997447 = {
			isa = PBXGroup;
			children = (
				79AF5BDD25C9C6EE00997447 /* custom calendar */,
				79AF5BDC25C9C6EE00997447 /* Products */,
			);
			sourceTree = "<group>";
		};
		79AF5BDC25C9C6EE00997447 /* Products */ = {
			isa = PBXGroup;
			children = (
				79AF5BDB25C9C6EE00997447 /* custom calendar.app */,
			);
			name = Products;
			sourceTree = "<group>";
		};
		79AF5BDD25C9C6EE00997447 /* custom calendar */ = {
			isa = PBXGroup;
			children = (
				79AF5BDE25C9C6EE00997447 /* AppDelegate.swift */,
				79AF5BE025C9C6EE00997447 /* SceneDelegate.swift */,
				79AF5BE225C9C6EE00997447 /* ViewController.swift */,
				79AF5BF325C9E2C900997447 /* addViewController.swift */,
				79163CC925D2EFC700441E04 /* notificationCenterExtension.swift */,
				79AF5BE425C9C6EE00997447 /* Main.storyboard */,
				79AF5BE725C9C6F000997447 /* Assets.xcassets */,
				79AF5BE925C9C6F000997447 /* LaunchScreen.storyboard */,
				79AF5BEC25C9C6F000997447 /* Info.plist */,
			);
			path = "custom calendar";
			sourceTree = "<group>";
		};
/* End PBXGroup section */

/* Begin PBXNativeTarget section */
		79AF5BDA25C9C6EE00997447 /* custom calendar */ = {
			isa = PBXNativeTarget;
			buildConfigurationList = 79AF5BEF25C9C6F000997447 /* Build configuration list for PBXNativeTarget "custom calendar" */;
			buildPhases = (
				79AF5BD725C9C6EE00997447 /* Sources */,
				79AF5BD825C9C6EE00997447 /* Frameworks */,
				79AF5BD925C9C6EE00997447 /* Resources */,
			);
			buildRules = (
			);
			dependencies = (
			);
			name = "custom calendar";
			productName = "custom calendar";
			productReference = 79AF5BDB25C9C6EE00997447 /* custom calendar.app */;
			productType = "com.apple.product-type.application";
		};
/* End PBXNativeTarget section */

/* Begin PBXProject section */
		79AF5BD325C9C6EE00997447 /* Project object */ = {
			isa = PBXProject;
			attributes = {
				LastSwiftUpdateCheck = 1240;
				LastUpgradeCheck = 1240;
				TargetAttributes = {
					79AF5BDA25C9C6EE00997447 = {
						CreatedOnToolsVersion = 12.4;
					};
				};
			};
			buildConfigurationList = 79AF5BD625C9C6EE00997447 /* Build configuration list for PBXProject "custom calendar" */;
			compatibilityVersion = "Xcode 9.3";
			developmentRegion = en;
			hasScannedForEncodings = 0;
			knownRegions = (
				en,
				Base,
			);
			mainGroup = 79AF5BD225C9C6EE00997447;
			productRefGroup = 79AF5BDC25C9C6EE00997447 /* Products */;
			projectDirPath = "";
			projectRoot = "";
			targets = (
				79AF5BDA25C9C6EE00997447 /* custom calendar */,
			);
		};
/* End PBXProject section */

/* Begin PBXResourcesBuildPhase section */
		79AF5BD925C9C6EE00997447 /* Resources */ = {
			isa = PBXResourcesBuildPhase;
			buildActionMask = 2147483647;
			files = (
				79AF5BEB25C9C6F000997447 /* LaunchScreen.storyboard in Resources */,
				79AF5BE825C9C6F000997447 /* Assets.xcassets in Resources */,
				79AF5BE625C9C6EE00997447 /* Main.storyboard in Resources */,
			);
			runOnlyForDeploymentPostprocessing = 0;
		};
/* End PBXResourcesBuildPhase section */

/* Begin PBXSourcesBuildPhase section */
		79AF5BD725C9C6EE00997447 /* Sources */ = {
			isa = PBXSourcesBuildPhase;
			buildActionMask = 2147483647;
			files = (
				79AF5BE325C9C6EE00997447 /* ViewController.swift in Sources */,
				79AF5BDF25C9C6EE00997447 /* AppDelegate.swift in Sources */,
				79AF5BF425C9E2C900997447 /* addViewController.swift in Sources */,
				79163CCA25D2EFC700441E04 /* notificationCenterExtension.swift in Sources */,
				79AF5BE125C9C6EE00997447 /* SceneDelegate.swift in Sources */,
			);
			runOnlyForDeploymentPostprocessing = 0;
		};
/* End PBXSourcesBuildPhase section */

/* Begin PBXVariantGroup section */
		79AF5BE425C9C6EE00997447 /* Main.storyboard */ = {
			isa = PBXVariantGroup;
			children = (
				79AF5BE525C9C6EE00997447 /* Base */,
			);
			name = Main.storyboard;
			sourceTree = "<group>";
		};
		79AF5BE925C9C6F000997447 /* LaunchScreen.storyboard */ = {
			isa = PBXVariantGroup;
			children = (
				79AF5BEA25C9C6F000997447 /* Base */,
			);
			name = LaunchScreen.storyboard;
			sourceTree = "<group>";
		};
/* End PBXVariantGroup section */

/* Begin XCBuildConfiguration section */
		79AF5BED25C9C6F000997447 /* Debug */ = {
			isa = XCBuildConfiguration;
			buildSettings = {
				ALWAYS_SEARCH_USER_PATHS = NO;
				CLANG_ANALYZER_NONNULL = YES;
				CLANG_ANALYZER_NUMBER_OBJECT_CONVERSION = YES_AGGRESSIVE;
				CLANG_CXX_LANGUAGE_STANDARD = "gnu++14";
				CLANG_CXX_LIBRARY = "libc++";
				CLANG_ENABLE_MODULES = YES;
				CLANG_ENABLE_OBJC_ARC = YES;
				CLANG_ENABLE_OBJC_WEAK = YES;
				CLANG_WARN_BLOCK_CAPTURE_AUTORELEASING = YES;
				CLANG_WARN_BOOL_CONVERSION = YES;
				CLANG_WARN_COMMA = YES;
				CLANG_WARN_CONSTANT_CONVERSION = YES;
				CLANG_WARN_DEPRECATED_OBJC_IMPLEMENTATIONS = YES;
				CLANG_WARN_DIRECT_OBJC_ISA_USAGE = YES_ERROR;
				CLANG_WARN_DOCUMENTATION_COMMENTS = YES;
				CLANG_WARN_EMPTY_BODY = YES;
				CLANG_WARN_ENUM_CONVERSION = YES;
				CLANG_WARN_INFINITE_RECURSION = YES;
				CLANG_WARN_INT_CONVERSION = YES;
				CLANG_WARN_NON_LITERAL_NULL_CONVERSION = YES;
				CLANG_WARN_OBJC_IMPLICIT_RETAIN_SELF = YES;
				CLANG_WARN_OBJC_LITERAL_CONVERSION = YES;
				CLANG_WARN_OBJC_ROOT_CLASS = YES_ERROR;
				CLANG_WARN_QUOTED_INCLUDE_IN_FRAMEWORK_HEADER = YES;
				CLANG_WARN_RANGE_LOOP_ANALYSIS = YES;
				CLANG_WARN_STRICT_PROTOTYPES = YES;
				CLANG_WARN_SUSPICIOUS_MOVE = YES;
				CLANG_WARN_UNGUARDED_AVAILABILITY = YES_AGGRESSIVE;
				CLANG_WARN_UNREACHABLE_CODE = YES;
				CLANG_WARN__DUPLICATE_METHOD_MATCH = YES;
				COPY_PHASE_STRIP = NO;
				DEBUG_INFORMATION_FORMAT = dwarf;
				ENABLE_STRICT_OBJC_MSGSEND = YES;
				ENABLE_TESTABILITY = YES;
				GCC_C_LANGUAGE_STANDARD = gnu11;
				GCC_DYNAMIC_NO_PIC = NO;
				GCC_NO_COMMON_BLOCKS = YES;
				GCC_OPTIMIZATION_LEVEL = 0;
				GCC_PREPROCESSOR_DEFINITIONS = (
					"DEBUG=1",
					"$(inherited)",
				);
				GCC_WARN_64_TO_32_BIT_CONVERSION = YES;
				GCC_WARN_ABOUT_RETURN_TYPE = YES_ERROR;
				GCC_WARN_UNDECLARED_SELECTOR = YES;
				GCC_WARN_UNINITIALIZED_AUTOS = YES_AGGRESSIVE;
				GCC_WARN_UNUSED_FUNCTION = YES;
				GCC_WARN_UNUSED_VARIABLE = YES;
				IPHONEOS_DEPLOYMENT_TARGET = 14.4;
				MTL_ENABLE_DEBUG_INFO = INCLUDE_SOURCE;
				MTL_FAST_MATH = YES;
				ONLY_ACTIVE_ARCH = YES;
				SDKROOT = iphoneos;
				SWIFT_ACTIVE_COMPILATION_CONDITIONS = DEBUG;
				SWIFT_OPTIMIZATION_LEVEL = "-Onone";
			};
			name = Debug;
		};
		79AF5BEE25C9C6F000997447 /* Release */ = {
			isa = XCBuildConfiguration;
			buildSettings = {
				ALWAYS_SEARCH_USER_PATHS = NO;
				CLANG_ANALYZER_NONNULL = YES;
				CLANG_ANALYZER_NUMBER_OBJECT_CONVERSION = YES_AGGRESSIVE;
				CLANG_CXX_LANGUAGE_STANDARD = "gnu++14";
				CLANG_CXX_LIBRARY = "libc++";
				CLANG_ENABLE_MODULES = YES;
				CLANG_ENABLE_OBJC_ARC = YES;
				CLANG_ENABLE_OBJC_WEAK = YES;
				CLANG_WARN_BLOCK_CAPTURE_AUTORELEASING = YES;
				CLANG_WARN_BOOL_CONVERSION = YES;
				CLANG_WARN_COMMA = YES;
				CLANG_WARN_CONSTANT_CONVERSION = YES;
				CLANG_WARN_DEPRECATED_OBJC_IMPLEMENTATIONS = YES;
				CLANG_WARN_DIRECT_OBJC_ISA_USAGE = YES_ERROR;
				CLANG_WARN_DOCUMENTATION_COMMENTS = YES;
				CLANG_WARN_EMPTY_BODY = YES;
				CLANG_WARN_ENUM_CONVERSION = YES;
				CLANG_WARN_INFINITE_RECURSION = YES;
				CLANG_WARN_INT_CONVERSION = YES;
				CLANG_WARN_NON_LITERAL_NULL_CONVERSION = YES;
				CLANG_WARN_OBJC_IMPLICIT_RETAIN_SELF = YES;
				CLANG_WARN_OBJC_LITERAL_CONVERSION = YES;
				CLANG_WARN_OBJC_ROOT_CLASS = YES_ERROR;
				CLANG_WARN_QUOTED_INCLUDE_IN_FRAMEWORK_HEADER = YES;
				CLANG_WARN_RANGE_LOOP_ANALYSIS = YES;
				CLANG_WARN_STRICT_PROTOTYPES = YES;
				CLANG_WARN_SUSPICIOUS_MOVE = YES;
				CLANG_WARN_UNGUARDED_AVAILABILITY = YES_AGGRESSIVE;
				CLANG_WARN_UNREACHABLE_CODE = YES;
				CLANG_WARN__DUPLICATE_METHOD_MATCH = YES;
				COPY_PHASE_STRIP = NO;
				DEBUG_INFORMATION_FORMAT = "dwarf-with-dsym";
				ENABLE_NS_ASSERTIONS = NO;
				ENABLE_STRICT_OBJC_MSGSEND = YES;
				GCC_C_LANGUAGE_STANDARD = gnu11;
				GCC_NO_COMMON_BLOCKS = YES;
				GCC_WARN_64_TO_32_BIT_CONVERSION = YES;
				GCC_WARN_ABOUT_RETURN_TYPE = YES_ERROR;
				GCC_WARN_UNDECLARED_SELECTOR = YES;
				GCC_WARN_UNINITIALIZED_AUTOS = YES_AGGRESSIVE;
				GCC_WARN_UNUSED_FUNCTION = YES;
				GCC_WARN_UNUSED_VARIABLE = YES;
				IPHONEOS_DEPLOYMENT_TARGET = 14.4;
				MTL_ENABLE_DEBUG_INFO = NO;
				MTL_FAST_MATH = YES;
				SDKROOT = iphoneos;
				SWIFT_COMPILATION_MODE = wholemodule;
				SWIFT_OPTIMIZATION_LEVEL = "-O";
				VALIDATE_PRODUCT = YES;
			};
			name = Release;
		};
		79AF5BF025C9C6F000997447 /* Debug */ = {
			isa = XCBuildConfiguration;
			buildSettings = {
				ASSETCATALOG_COMPILER_APPICON_NAME = AppIcon;
				ASSETCATALOG_COMPILER_GLOBAL_ACCENT_COLOR_NAME = AccentColor;
				CODE_SIGN_STYLE = Automatic;
				DEVELOPMENT_TEAM = QLD6U569JQ;
				INFOPLIST_FILE = "custom calendar/Info.plist";
				LD_RUNPATH_SEARCH_PATHS = (
					"$(inherited)",
					"@executable_path/Frameworks",
				);
				PRODUCT_BUNDLE_IDENTIFIER = "com.Vojta.custom-calendar";
				PRODUCT_NAME = "$(TARGET_NAME)";
				SWIFT_VERSION = 5.0;
				TARGETED_DEVICE_FAMILY = "1,2";
			};
			name = Debug;
		};
		79AF5BF125C9C6F000997447 /* Release */ = {
			isa = XCBuildConfiguration;
			buildSettings = {
				ASSETCATALOG_COMPILER_APPICON_NAME = AppIcon;
				ASSETCATALOG_COMPILER_GLOBAL_ACCENT_COLOR_NAME = AccentColor;
				CODE_SIGN_STYLE = Automatic;
				DEVELOPMENT_TEAM = QLD6U569JQ;
				INFOPLIST_FILE = "custom calendar/Info.plist";
				LD_RUNPATH_SEARCH_PATHS = (
					"$(inherited)",
					"@executable_path/Frameworks",
				);
				PRODUCT_BUNDLE_IDENTIFIER = "com.Vojta.custom-calendar";
				PRODUCT_NAME = "$(TARGET_NAME)";
				SWIFT_VERSION = 5.0;
				TARGETED_DEVICE_FAMILY = "1,2";
			};
			name = Release;
		};
/* End XCBuildConfiguration section */

/* Begin XCConfigurationList section */
		79AF5BD625C9C6EE00997447 /* Build configuration list for PBXProject "custom calendar" */ = {
			isa = XCConfigurationList;
			buildConfigurations = (
				79AF5BED25C9C6F000997447 /* Debug */,
				79AF5BEE25C9C6F000997447 /* Release */,
			);
			defaultConfigurationIsVisible = 0;
			defaultConfigurationName = Release;
		};
		79AF5BEF25C9C6F000997447 /* Build configuration list for PBXNativeTarget "custom calendar" */ = {
			isa = XCConfigurationList;
			buildConfigurations = (
				79AF5BF025C9C6F000997447 /* Debug */,
				79AF5BF125C9C6F000997447 /* Release */,
			);
			defaultConfigurationIsVisible = 0;
			defaultConfigurationName = Release;
		};
/* End XCConfigurationList section */
	};
	rootObject = 79AF5BD325C9C6EE00997447 /* Project object */;
}
